{
    "hash": "d5aeec63f4246b299351ea2dfe34067d",
    "packages": [
        {
            "name": "dccampbell/idiormparis",
            "version": "v1.2.0",
            "source": {
                "type": "git",
                "url": "https://github.com/dccampbell/idiormparis.git",
                "reference": "v1.2.0"
            },
            "dist": {
                "type": "zip",
                "url": "https://github.com/dccampbell/idiormparis/zipball/v1.2.0",
                "reference": "v1.2.0",
                "shasum": ""
            },
            "require": {
                "php": ">=5.2.0"
            },
            "time": "2012-11-01 14:38:05",
            "type": "library",
            "installation-source": "dist",
            "autoload": {
                "classmap": [
                    "src/"
                ]
            },
            "notification-url": "https://packagist.org/downloads/",
            "license": [
                "BSD"
            ],
            "authors": [
                {
                    "name": "Jamie Matthews",
                    "email": "jamie.matthews@gmail.com",
                    "homepage": "http://j4mie.org/",
                    "role": "Creator"
                },
                {
                    "name": "David C. Campbell",
                    "email": "david@dccampbell.com",
                    "homepage": "http://www.dccampbell.com/"
                }
            ],
            "description": "Idiorm and Paris -- An ORM/Active-Record Combo -- packaged for easy autoloading.",
            "homepage": "http://github.com/dccampbell/idiormparis",
            "keywords": [
                "database",
                "orm",
                "activerecord",
                "idiorm",
                "paris"
            ]
        },
        {
            "name": "slim/extras",
            "version": "2.0.1",
            "target-dir": "Slim/Extras",
            "source": {
                "type": "git",
                "url": "https://github.com/codeguy/Slim-Extras",
                "reference": "2.0.1"
            },
            "dist": {
                "type": "zip",
                "url": "https://github.com/codeguy/Slim-Extras/zipball/2.0.1",
                "reference": "2.0.1",
                "shasum": ""
            },
            "require": {
                "slim/slim": ">=2.0.0",
                "php": ">=5.3.0"
            },
            "time": "2012-10-26 03:19:35",
            "type": "library",
            "installation-source": "dist",
            "autoload": {
                "psr-0": {
                    "Twig_Extensions_": "Views/Extension/",
                    "Slim\\Extras": "."
                }
            },
            "notification-url": "https://packagist.org/downloads/",
            "license": [
                "MIT"
            ],
            "authors": [
                {
                    "name": "Andrew Smith",
                    "email": "a.smith@silentworks.co.uk",
                    "homepage": "http://www.silentworks.co.uk/"
                },
                {
                    "name": "Josh Lockhart",
                    "email": "info@joshlockhart.com",
                    "homepage": "http://www.joshlockhart.com/"
                }
            ],
            "description": "Extras package for the Slim Framework",
            "homepage": "http://github.com/codeguy/Slim-Extras",
            "keywords": [
                "templating",
                "extensions"
            ]
        },
        {
            "name": "slim/slim",
            "version": "2.2.0",
            "source": {
                "type": "git",
                "url": "https://github.com/codeguy/Slim",
                "reference": "2.2.0"
            },
            "dist": {
                "type": "zip",
                "url": "https://github.com/codeguy/Slim/archive/2.2.0.zip",
                "reference": "2.2.0",
                "shasum": ""
            },
            "require": {
                "php": ">=5.3.0"
            },
            "time": "2012-12-13 02:15:50",
            "type": "library",
            "installation-source": "dist",
            "autoload": {
                "psr-0": {
                    "Slim": "."
                }
            },
            "notification-url": "https://packagist.org/downloads/",
            "license": [
                "MIT"
            ],
            "authors": [
                {
                    "name": "Josh Lockhart",
                    "email": "info@joshlockhart.com",
                    "homepage": "http://www.joshlockhart.com/"
                }
            ],
            "description": "Slim Framework, a PHP micro framework",
            "homepage": "http://github.com/codeguy/Slim",
            "keywords": [
                "microframework",
                "rest",
                "router"
            ]
        },
        {
            "name": "twig/twig",
            "version": "v1.11.1",
            "source": {
                "type": "git",
                "url": "git://github.com/fabpot/Twig.git",
                "reference": "v1.11.1"
            },
            "dist": {
                "type": "zip",
                "url": "https://github.com/fabpot/Twig/archive/v1.11.1.zip",
                "reference": "v1.11.1",
                "shasum": ""
            },
            "require": {
                "php": ">=5.2.4"
            },
            "time": "2012-11-11 17:17:59",
            "type": "library",
            "extra": {
                "branch-alias": {
                    "dev-master": "1.11-dev"
                }
            },
            "installation-source": "dist",
            "autoload": {
                "psr-0": {
                    "Twig_": "lib/"
                }
            },
            "notification-url": "https://packagist.org/downloads/",
            "license": [
                "BSD-3"
            ],
            "authors": [
                {
                    "name": "Fabien Potencier",
                    "email": "fabien@symfony.com"
                },
                {
                    "name": "Armin Ronacher",
                    "email": "armin.ronacher@active-4.com"
                }
            ],
            "description": "Twig, the flexible, fast, and secure template language for PHP",
            "homepage": "http://twig.sensiolabs.org",
            "keywords": [
                "templating"
            ]
        }
    ],
    "packages-dev": null,
    "aliases": [

    ],
    "minimum-stability": "stable",
    "stability-flags": [

    ]
}
